{
  "pins" : [
    {
      "identity" : "alamofire",
      "kind" : "remoteSourceControl",
      "location" : "https://github.com/Alamofire/Alamofire.git",
      "state" : {
        "branch" : "master",
        "revision" : "7f1bff79126ab8fe17744e062723179b36e17f97"
      }
    }
  ],
  "version" : 2
}
