// !$*UTF8*$!
{
	archiveVersion = 1;
	classes = {
	};
	objectVersion = 56;
	objects = {

/* Begin PBXBuildFile section */
		DE0432542AC8061000748682 /* Alamofire in Frameworks */ = {isa = PBXBuildFile; productRef = DE0432532AC8061000748682 /* Alamofire */; };
		DE0432592AC8079600748682 /* Api.swift in Sources */ = {isa = PBXBuildFile; fileRef = DE0432582AC8079600748682 /* Api.swift */; };
		DE04325B2AC807AE00748682 /* ApiImpl.swift in Sources */ = {isa = PBXBuildFile; fileRef = DE04325A2AC807AE00748682 /* ApiImpl.swift */; };
		DE04325E2AC807C800748682 /* ApiRouter.swift in Sources */ = {isa = PBXBuildFile; fileRef = DE04325D2AC807C800748682 /* ApiRouter.swift */; };
		DE0432642AC810AE00748682 /* ApiRouterTests.swift in Sources */ = {isa = PBXBuildFile; fileRef = DE0432632AC810AE00748682 /* ApiRouterTests.swift */; };
		DE0432662AC82D1200748682 /* BookRepository.swift in Sources */ = {isa = PBXBuildFile; fileRef = DE0432652AC82D1200748682 /* BookRepository.swift */; };
		DE0432692AC82D2C00748682 /* BookUseCase.swift in Sources */ = {isa = PBXBuildFile; fileRef = DE0432682AC82D2C00748682 /* BookUseCase.swift */; };
		DE04326B2AC82D3700748682 /* BookUseCaseImpl.swift in Sources */ = {isa = PBXBuildFile; fileRef = DE04326A2AC82D3700748682 /* BookUseCaseImpl.swift */; };
		DE04326E2AC82D5100748682 /* BookRepositoryImpl.swift in Sources */ = {isa = PBXBuildFile; fileRef = DE04326D2AC82D5100748682 /* BookRepositoryImpl.swift */; };
		DE0432722AC82F6400748682 /* Mapper.swift in Sources */ = {isa = PBXBuildFile; fileRef = DE0432712AC82F6400748682 /* Mapper.swift */; };
		DE0432742AC82F8F00748682 /* Book.swift in Sources */ = {isa = PBXBuildFile; fileRef = DE0432732AC82F8F00748682 /* Book.swift */; };
		DE0432762AC830A500748682 /* ImageURL.swift in Sources */ = {isa = PBXBuildFile; fileRef = DE0432752AC830A500748682 /* ImageURL.swift */; };
		DE0432782AC830D500748682 /* Person.swift in Sources */ = {isa = PBXBuildFile; fileRef = DE0432772AC830D500748682 /* Person.swift */; };
		DE04327A2AC8326F00748682 /* BookDto.swift in Sources */ = {isa = PBXBuildFile; fileRef = DE0432792AC8326F00748682 /* BookDto.swift */; };
		DE04327C2AC8327800748682 /* ImageDto.swift in Sources */ = {isa = PBXBuildFile; fileRef = DE04327B2AC8327800748682 /* ImageDto.swift */; };
		DE04327E2AC8327F00748682 /* PersonDto.swift in Sources */ = {isa = PBXBuildFile; fileRef = DE04327D2AC8327F00748682 /* PersonDto.swift */; };
		DE0432812AC8331000748682 /* BookMapper.swift in Sources */ = {isa = PBXBuildFile; fileRef = DE0432802AC8331000748682 /* BookMapper.swift */; };
		DE0432832AC8331700748682 /* ImageMapper.swift in Sources */ = {isa = PBXBuildFile; fileRef = DE0432822AC8331700748682 /* ImageMapper.swift */; };
		DE0432852AC8331D00748682 /* PersonMapper.swift in Sources */ = {isa = PBXBuildFile; fileRef = DE0432842AC8331D00748682 /* PersonMapper.swift */; };
		DE0432892AC836F200748682 /* ImageMapperTests.swift in Sources */ = {isa = PBXBuildFile; fileRef = DE0432882AC836F200748682 /* ImageMapperTests.swift */; };
		DE04328B2AC8389300748682 /* PersonMapperTests.swift in Sources */ = {isa = PBXBuildFile; fileRef = DE04328A2AC8389300748682 /* PersonMapperTests.swift */; };
		DE04328D2AC839E500748682 /* BookMapperTests.swift in Sources */ = {isa = PBXBuildFile; fileRef = DE04328C2AC839E500748682 /* BookMapperTests.swift */; };
		DE0432922AC83C1800748682 /* BookTests.swift in Sources */ = {isa = PBXBuildFile; fileRef = DE0432912AC83C1800748682 /* BookTests.swift */; };
		DE0432942AC83C8D00748682 /* PersonTests.swift in Sources */ = {isa = PBXBuildFile; fileRef = DE0432932AC83C8D00748682 /* PersonTests.swift */; };
		DE0432962AC83CCB00748682 /* ImageURLTests.swift in Sources */ = {isa = PBXBuildFile; fileRef = DE0432952AC83CCB00748682 /* ImageURLTests.swift */; };
		DE0432982AC83F8B00748682 /* ApiTests.swift in Sources */ = {isa = PBXBuildFile; fileRef = DE0432972AC83F8B00748682 /* ApiTests.swift */; };
		DE04329A2AC85D7800748682 /* MockURLProtocol.swift in Sources */ = {isa = PBXBuildFile; fileRef = DE0432992AC85D7800748682 /* MockURLProtocol.swift */; };
		DE04329C2AC85FE500748682 /* ApiMockResponse.swift in Sources */ = {isa = PBXBuildFile; fileRef = DE04329B2AC85FE500748682 /* ApiMockResponse.swift */; };
		DE04329E2AC8607400748682 /* ApiMockResponseTests.swift in Sources */ = {isa = PBXBuildFile; fileRef = DE04329D2AC8607400748682 /* ApiMockResponseTests.swift */; };
		DE25F6542AC7662B0085D4C6 /* LibraryApp.swift in Sources */ = {isa = PBXBuildFile; fileRef = DE25F6532AC7662B0085D4C6 /* LibraryApp.swift */; };
		DE25F6582AC7662F0085D4C6 /* Assets.xcassets in Resources */ = {isa = PBXBuildFile; fileRef = DE25F6572AC7662F0085D4C6 /* Assets.xcassets */; };
		DE25F65B2AC7662F0085D4C6 /* Preview Assets.xcassets in Resources */ = {isa = PBXBuildFile; fileRef = DE25F65A2AC7662F0085D4C6 /* Preview Assets.xcassets */; };
		DE25F6652AC7662F0085D4C6 /* LibraryTests.swift in Sources */ = {isa = PBXBuildFile; fileRef = DE25F6642AC7662F0085D4C6 /* LibraryTests.swift */; };
		DE25F66F2AC7662F0085D4C6 /* LibraryUITests.swift in Sources */ = {isa = PBXBuildFile; fileRef = DE25F66E2AC7662F0085D4C6 /* LibraryUITests.swift */; };
		DE25F6712AC7662F0085D4C6 /* LibraryUITestsLaunchTests.swift in Sources */ = {isa = PBXBuildFile; fileRef = DE25F6702AC7662F0085D4C6 /* LibraryUITestsLaunchTests.swift */; };
		DE25F67E2AC76AD90085D4C6 /* Color.xcassets in Resources */ = {isa = PBXBuildFile; fileRef = DE25F67D2AC76AD90085D4C6 /* Color.xcassets */; };
		DE25F6842AC76C1D0085D4C6 /* Raleway-SemiBold.ttf in Resources */ = {isa = PBXBuildFile; fileRef = DE25F6812AC76C1D0085D4C6 /* Raleway-SemiBold.ttf */; };
		DE25F6852AC76C1D0085D4C6 /* Raleway-Regular.ttf in Resources */ = {isa = PBXBuildFile; fileRef = DE25F6822AC76C1D0085D4C6 /* Raleway-Regular.ttf */; };
		DE25F6862AC76C1D0085D4C6 /* Raleway-ExtraBold.ttf in Resources */ = {isa = PBXBuildFile; fileRef = DE25F6832AC76C1D0085D4C6 /* Raleway-ExtraBold.ttf */; };
		DE25F68D2AC76EB70085D4C6 /* Raleway.swift in Sources */ = {isa = PBXBuildFile; fileRef = DE25F68C2AC76EB70085D4C6 /* Raleway.swift */; };
		DE25F6912AC76F560085D4C6 /* Color+theme.swift in Sources */ = {isa = PBXBuildFile; fileRef = DE25F6902AC76F560085D4C6 /* Color+theme.swift */; };
		DE25F6962AC770000085D4C6 /* RalewayTests.swift in Sources */ = {isa = PBXBuildFile; fileRef = DE25F6952AC770000085D4C6 /* RalewayTests.swift */; };
		DE89DF092AC9350C0076EE57 /* GeneralError.swift in Sources */ = {isa = PBXBuildFile; fileRef = DE89DF082AC9350C0076EE57 /* GeneralError.swift */; };
		DE89DF0C2AC935640076EE57 /* BookRepositoryImplTests.swift in Sources */ = {isa = PBXBuildFile; fileRef = DE89DF0B2AC935640076EE57 /* BookRepositoryImplTests.swift */; };
		DE89DF122AC942F00076EE57 /* BookUseCaseImplTests.swift in Sources */ = {isa = PBXBuildFile; fileRef = DE89DF112AC942F00076EE57 /* BookUseCaseImplTests.swift */; };
		DE89DF182AC947830076EE57 /* FavoriteBooks.swift in Sources */ = {isa = PBXBuildFile; fileRef = DE89DF172AC947830076EE57 /* FavoriteBooks.swift */; };
		DE89DF1D2AC948D20076EE57 /* NavigationRouter.swift in Sources */ = {isa = PBXBuildFile; fileRef = DE89DF1C2AC948D20076EE57 /* NavigationRouter.swift */; };
		DE89DF1F2AC948F60076EE57 /* NavigationManager.swift in Sources */ = {isa = PBXBuildFile; fileRef = DE89DF1E2AC948F60076EE57 /* NavigationManager.swift */; };
		DE89DF242AC949570076EE57 /* NavigationManagerTests.swift in Sources */ = {isa = PBXBuildFile; fileRef = DE89DF232AC949570076EE57 /* NavigationManagerTests.swift */; };
		DE89DF272AC94E400076EE57 /* TitleText.swift in Sources */ = {isa = PBXBuildFile; fileRef = DE89DF262AC94E400076EE57 /* TitleText.swift */; };
		DE89DF292AC959850076EE57 /* ViewAlignment.swift in Sources */ = {isa = PBXBuildFile; fileRef = DE89DF282AC959850076EE57 /* ViewAlignment.swift */; };
		DE89DF2B2AC95BF80076EE57 /* BookImage.swift in Sources */ = {isa = PBXBuildFile; fileRef = DE89DF2A2AC95BF80076EE57 /* BookImage.swift */; };
		DE89DF2D2AC9637D0076EE57 /* NameOfAuthorText.swift in Sources */ = {isa = PBXBuildFile; fileRef = DE89DF2C2AC9637D0076EE57 /* NameOfAuthorText.swift */; };
		DE89DF2F2AC964D80076EE57 /* NameOfBookText.swift in Sources */ = {isa = PBXBuildFile; fileRef = DE89DF2E2AC964D80076EE57 /* NameOfBookText.swift */; };
		DE89DF332AC966CE0076EE57 /* GridBookItem.swift in Sources */ = {isa = PBXBuildFile; fileRef = DE89DF322AC966CE0076EE57 /* GridBookItem.swift */; };
		DE89DF362AC969920076EE57 /* GridBook.swift in Sources */ = {isa = PBXBuildFile; fileRef = DE89DF352AC969920076EE57 /* GridBook.swift */; };
		DE89DF382AC9708B0076EE57 /* BookViewModel.swift in Sources */ = {isa = PBXBuildFile; fileRef = DE89DF372AC9708B0076EE57 /* BookViewModel.swift */; };
		DE89DF3B2AC97CD30076EE57 /* Alert.swift in Sources */ = {isa = PBXBuildFile; fileRef = DE89DF3A2AC97CD30076EE57 /* Alert.swift */; };
		DE89DF3D2AC97D140076EE57 /* MesageAlertText.swift in Sources */ = {isa = PBXBuildFile; fileRef = DE89DF3C2AC97D140076EE57 /* MesageAlertText.swift */; };
		DE89DF3F2AC97FFE0076EE57 /* AlertContent.swift in Sources */ = {isa = PBXBuildFile; fileRef = DE89DF3E2AC97FFE0076EE57 /* AlertContent.swift */; };
		DE89DF412AC981130076EE57 /* AlertButton.swift in Sources */ = {isa = PBXBuildFile; fileRef = DE89DF402AC981120076EE57 /* AlertButton.swift */; };
		DE89DF462AC98B390076EE57 /* BookViewModelTests.swift in Sources */ = {isa = PBXBuildFile; fileRef = DE89DF452AC98B390076EE57 /* BookViewModelTests.swift */; };
		DE89DF482AC98F230076EE57 /* OfflineServerMockURLProtocol.swift in Sources */ = {isa = PBXBuildFile; fileRef = DE89DF472AC98F230076EE57 /* OfflineServerMockURLProtocol.swift */; };
		DE89DF4C2AC991F20076EE57 /* DetailOfBook.swift in Sources */ = {isa = PBXBuildFile; fileRef = DE89DF4B2AC991F20076EE57 /* DetailOfBook.swift */; };
		DE89DF4E2AC9A35A0076EE57 /* BasicInformationOfBook.swift in Sources */ = {isa = PBXBuildFile; fileRef = DE89DF4D2AC9A35A0076EE57 /* BasicInformationOfBook.swift */; };
		DE89DF502AC9A8880076EE57 /* PublishingInformationOfBook.swift in Sources */ = {isa = PBXBuildFile; fileRef = DE89DF4F2AC9A8880076EE57 /* PublishingInformationOfBook.swift */; };
		DE89DF532AC9A9170076EE57 /* TitlePublishingItemText.swift in Sources */ = {isa = PBXBuildFile; fileRef = DE89DF522AC9A9170076EE57 /* TitlePublishingItemText.swift */; };
		DE89DF552AC9A9490076EE57 /* ValuePublishingItemText.swift in Sources */ = {isa = PBXBuildFile; fileRef = DE89DF542AC9A9490076EE57 /* ValuePublishingItemText.swift */; };
		DE89DF572AC9A9B70076EE57 /* PublishingItem.swift in Sources */ = {isa = PBXBuildFile; fileRef = DE89DF562AC9A9B70076EE57 /* PublishingItem.swift */; };
		DE89DF5A2AC9ABA20076EE57 /* AboutBookText.swift in Sources */ = {isa = PBXBuildFile; fileRef = DE89DF592AC9ABA20076EE57 /* AboutBookText.swift */; };
		DE89DF5C2AC9ABB90076EE57 /* AboutItem.swift in Sources */ = {isa = PBXBuildFile; fileRef = DE89DF5B2AC9ABB90076EE57 /* AboutItem.swift */; };
		DE89DF5E2AC9C07F0076EE57 /* BackButton.swift in Sources */ = {isa = PBXBuildFile; fileRef = DE89DF5D2AC9C07F0076EE57 /* BackButton.swift */; };
/* End PBXBuildFile section */

/* Begin PBXContainerItemProxy section */
		DE25F6612AC7662F0085D4C6 /* PBXContainerItemProxy */ = {
			isa = PBXContainerItemProxy;
			containerPortal = DE25F6482AC7662B0085D4C6 /* Project object */;
			proxyType = 1;
			remoteGlobalIDString = DE25F64F2AC7662B0085D4C6;
			remoteInfo = Library;
		};
		DE25F66B2AC7662F0085D4C6 /* PBXContainerItemProxy */ = {
			isa = PBXContainerItemProxy;
			containerPortal = DE25F6482AC7662B0085D4C6 /* Project object */;
			proxyType = 1;
			remoteGlobalIDString = DE25F64F2AC7662B0085D4C6;
			remoteInfo = Library;
		};
/* End PBXContainerItemProxy section */

/* Begin PBXFileReference section */
		DE0432582AC8079600748682 /* Api.swift */ = {isa = PBXFileReference; lastKnownFileType = sourcecode.swift; path = Api.swift; sourceTree = "<group>"; };
		DE04325A2AC807AE00748682 /* ApiImpl.swift */ = {isa = PBXFileReference; lastKnownFileType = sourcecode.swift; path = ApiImpl.swift; sourceTree = "<group>"; };
		DE04325D2AC807C800748682 /* ApiRouter.swift */ = {isa = PBXFileReference; lastKnownFileType = sourcecode.swift; path = ApiRouter.swift; sourceTree = "<group>"; };
		DE0432632AC810AE00748682 /* ApiRouterTests.swift */ = {isa = PBXFileReference; lastKnownFileType = sourcecode.swift; path = ApiRouterTests.swift; sourceTree = "<group>"; };
		DE0432652AC82D1200748682 /* BookRepository.swift */ = {isa = PBXFileReference; lastKnownFileType = sourcecode.swift; path = BookRepository.swift; sourceTree = "<group>"; };
		DE0432682AC82D2C00748682 /* BookUseCase.swift */ = {isa = PBXFileReference; lastKnownFileType = sourcecode.swift; path = BookUseCase.swift; sourceTree = "<group>"; };
		DE04326A2AC82D3700748682 /* BookUseCaseImpl.swift */ = {isa = PBXFileReference; lastKnownFileType = sourcecode.swift; path = BookUseCaseImpl.swift; sourceTree = "<group>"; };
		DE04326D2AC82D5100748682 /* BookRepositoryImpl.swift */ = {isa = PBXFileReference; lastKnownFileType = sourcecode.swift; path = BookRepositoryImpl.swift; sourceTree = "<group>"; };
		DE0432712AC82F6400748682 /* Mapper.swift */ = {isa = PBXFileReference; lastKnownFileType = sourcecode.swift; path = Mapper.swift; sourceTree = "<group>"; };
		DE0432732AC82F8F00748682 /* Book.swift */ = {isa = PBXFileReference; lastKnownFileType = sourcecode.swift; path = Book.swift; sourceTree = "<group>"; };
		DE0432752AC830A500748682 /* ImageURL.swift */ = {isa = PBXFileReference; lastKnownFileType = sourcecode.swift; path = ImageURL.swift; sourceTree = "<group>"; };
		DE0432772AC830D500748682 /* Person.swift */ = {isa = PBXFileReference; lastKnownFileType = sourcecode.swift; path = Person.swift; sourceTree = "<group>"; };
		DE0432792AC8326F00748682 /* BookDto.swift */ = {isa = PBXFileReference; lastKnownFileType = sourcecode.swift; path = BookDto.swift; sourceTree = "<group>"; };
		DE04327B2AC8327800748682 /* ImageDto.swift */ = {isa = PBXFileReference; lastKnownFileType = sourcecode.swift; path = ImageDto.swift; sourceTree = "<group>"; };
		DE04327D2AC8327F00748682 /* PersonDto.swift */ = {isa = PBXFileReference; lastKnownFileType = sourcecode.swift; path = PersonDto.swift; sourceTree = "<group>"; };
		DE0432802AC8331000748682 /* BookMapper.swift */ = {isa = PBXFileReference; lastKnownFileType = sourcecode.swift; path = BookMapper.swift; sourceTree = "<group>"; };
		DE0432822AC8331700748682 /* ImageMapper.swift */ = {isa = PBXFileReference; lastKnownFileType = sourcecode.swift; path = ImageMapper.swift; sourceTree = "<group>"; };
		DE0432842AC8331D00748682 /* PersonMapper.swift */ = {isa = PBXFileReference; lastKnownFileType = sourcecode.swift; path = PersonMapper.swift; sourceTree = "<group>"; };
		DE0432882AC836F200748682 /* ImageMapperTests.swift */ = {isa = PBXFileReference; lastKnownFileType = sourcecode.swift; path = ImageMapperTests.swift; sourceTree = "<group>"; };
		DE04328A2AC8389300748682 /* PersonMapperTests.swift */ = {isa = PBXFileReference; lastKnownFileType = sourcecode.swift; path = PersonMapperTests.swift; sourceTree = "<group>"; };
		DE04328C2AC839E500748682 /* BookMapperTests.swift */ = {isa = PBXFileReference; lastKnownFileType = sourcecode.swift; path = BookMapperTests.swift; sourceTree = "<group>"; };
		DE0432912AC83C1800748682 /* BookTests.swift */ = {isa = PBXFileReference; lastKnownFileType = sourcecode.swift; path = BookTests.swift; sourceTree = "<group>"; };
		DE0432932AC83C8D00748682 /* PersonTests.swift */ = {isa = PBXFileReference; lastKnownFileType = sourcecode.swift; path = PersonTests.swift; sourceTree = "<group>"; };
		DE0432952AC83CCB00748682 /* ImageURLTests.swift */ = {isa = PBXFileReference; lastKnownFileType = sourcecode.swift; path = ImageURLTests.swift; sourceTree = "<group>"; };
		DE0432972AC83F8B00748682 /* ApiTests.swift */ = {isa = PBXFileReference; lastKnownFileType = sourcecode.swift; path = ApiTests.swift; sourceTree = "<group>"; };
		DE0432992AC85D7800748682 /* MockURLProtocol.swift */ = {isa = PBXFileReference; lastKnownFileType = sourcecode.swift; path = MockURLProtocol.swift; sourceTree = "<group>"; };
		DE04329B2AC85FE500748682 /* ApiMockResponse.swift */ = {isa = PBXFileReference; lastKnownFileType = sourcecode.swift; path = ApiMockResponse.swift; sourceTree = "<group>"; };
		DE04329D2AC8607400748682 /* ApiMockResponseTests.swift */ = {isa = PBXFileReference; lastKnownFileType = sourcecode.swift; path = ApiMockResponseTests.swift; sourceTree = "<group>"; };
		DE25F6502AC7662B0085D4C6 /* Library.app */ = {isa = PBXFileReference; explicitFileType = wrapper.application; includeInIndex = 0; path = Library.app; sourceTree = BUILT_PRODUCTS_DIR; };
		DE25F6532AC7662B0085D4C6 /* LibraryApp.swift */ = {isa = PBXFileReference; lastKnownFileType = sourcecode.swift; path = LibraryApp.swift; sourceTree = "<group>"; };
		DE25F6572AC7662F0085D4C6 /* Assets.xcassets */ = {isa = PBXFileReference; lastKnownFileType = folder.assetcatalog; path = Assets.xcassets; sourceTree = "<group>"; };
		DE25F65A2AC7662F0085D4C6 /* Preview Assets.xcassets */ = {isa = PBXFileReference; lastKnownFileType = folder.assetcatalog; path = "Preview Assets.xcassets"; sourceTree = "<group>"; };
		DE25F6602AC7662F0085D4C6 /* LibraryTests.xctest */ = {isa = PBXFileReference; explicitFileType = wrapper.cfbundle; includeInIndex = 0; path = LibraryTests.xctest; sourceTree = BUILT_PRODUCTS_DIR; };
		DE25F6642AC7662F0085D4C6 /* LibraryTests.swift */ = {isa = PBXFileReference; lastKnownFileType = sourcecode.swift; path = LibraryTests.swift; sourceTree = "<group>"; };
		DE25F66A2AC7662F0085D4C6 /* LibraryUITests.xctest */ = {isa = PBXFileReference; explicitFileType = wrapper.cfbundle; includeInIndex = 0; path = LibraryUITests.xctest; sourceTree = BUILT_PRODUCTS_DIR; };
		DE25F66E2AC7662F0085D4C6 /* LibraryUITests.swift */ = {isa = PBXFileReference; lastKnownFileType = sourcecode.swift; path = LibraryUITests.swift; sourceTree = "<group>"; };
		DE25F6702AC7662F0085D4C6 /* LibraryUITestsLaunchTests.swift */ = {isa = PBXFileReference; lastKnownFileType = sourcecode.swift; path = LibraryUITestsLaunchTests.swift; sourceTree = "<group>"; };
		DE25F67D2AC76AD90085D4C6 /* Color.xcassets */ = {isa = PBXFileReference; lastKnownFileType = folder.assetcatalog; path = Color.xcassets; sourceTree = "<group>"; };
		DE25F6812AC76C1D0085D4C6 /* Raleway-SemiBold.ttf */ = {isa = PBXFileReference; lastKnownFileType = file; path = "Raleway-SemiBold.ttf"; sourceTree = "<group>"; };
		DE25F6822AC76C1D0085D4C6 /* Raleway-Regular.ttf */ = {isa = PBXFileReference; lastKnownFileType = file; path = "Raleway-Regular.ttf"; sourceTree = "<group>"; };
		DE25F6832AC76C1D0085D4C6 /* Raleway-ExtraBold.ttf */ = {isa = PBXFileReference; lastKnownFileType = file; path = "Raleway-ExtraBold.ttf"; sourceTree = "<group>"; };
		DE25F6872AC76C3A0085D4C6 /* Info.plist */ = {isa = PBXFileReference; lastKnownFileType = text.plist.xml; path = Info.plist; sourceTree = "<group>"; };
		DE25F68C2AC76EB70085D4C6 /* Raleway.swift */ = {isa = PBXFileReference; lastKnownFileType = sourcecode.swift; path = Raleway.swift; sourceTree = "<group>"; };
		DE25F6902AC76F560085D4C6 /* Color+theme.swift */ = {isa = PBXFileReference; lastKnownFileType = sourcecode.swift; path = "Color+theme.swift"; sourceTree = "<group>"; };
		DE25F6952AC770000085D4C6 /* RalewayTests.swift */ = {isa = PBXFileReference; lastKnownFileType = sourcecode.swift; path = RalewayTests.swift; sourceTree = "<group>"; };
		DE89DF082AC9350C0076EE57 /* GeneralError.swift */ = {isa = PBXFileReference; lastKnownFileType = sourcecode.swift; path = GeneralError.swift; sourceTree = "<group>"; };
		DE89DF0B2AC935640076EE57 /* BookRepositoryImplTests.swift */ = {isa = PBXFileReference; lastKnownFileType = sourcecode.swift; path = BookRepositoryImplTests.swift; sourceTree = "<group>"; };
		DE89DF112AC942F00076EE57 /* BookUseCaseImplTests.swift */ = {isa = PBXFileReference; lastKnownFileType = sourcecode.swift; path = BookUseCaseImplTests.swift; sourceTree = "<group>"; };
		DE89DF172AC947830076EE57 /* FavoriteBooks.swift */ = {isa = PBXFileReference; lastKnownFileType = sourcecode.swift; path = FavoriteBooks.swift; sourceTree = "<group>"; };
		DE89DF1C2AC948D20076EE57 /* NavigationRouter.swift */ = {isa = PBXFileReference; lastKnownFileType = sourcecode.swift; path = NavigationRouter.swift; sourceTree = "<group>"; };
		DE89DF1E2AC948F60076EE57 /* NavigationManager.swift */ = {isa = PBXFileReference; lastKnownFileType = sourcecode.swift; path = NavigationManager.swift; sourceTree = "<group>"; };
		DE89DF232AC949570076EE57 /* NavigationManagerTests.swift */ = {isa = PBXFileReference; lastKnownFileType = sourcecode.swift; path = NavigationManagerTests.swift; sourceTree = "<group>"; };
		DE89DF262AC94E400076EE57 /* TitleText.swift */ = {isa = PBXFileReference; lastKnownFileType = sourcecode.swift; path = TitleText.swift; sourceTree = "<group>"; };
		DE89DF282AC959850076EE57 /* ViewAlignment.swift */ = {isa = PBXFileReference; lastKnownFileType = sourcecode.swift; path = ViewAlignment.swift; sourceTree = "<group>"; };
		DE89DF2A2AC95BF80076EE57 /* BookImage.swift */ = {isa = PBXFileReference; lastKnownFileType = sourcecode.swift; path = BookImage.swift; sourceTree = "<group>"; };
		DE89DF2C2AC9637D0076EE57 /* NameOfAuthorText.swift */ = {isa = PBXFileReference; lastKnownFileType = sourcecode.swift; path = NameOfAuthorText.swift; sourceTree = "<group>"; };
		DE89DF2E2AC964D80076EE57 /* NameOfBookText.swift */ = {isa = PBXFileReference; lastKnownFileType = sourcecode.swift; path = NameOfBookText.swift; sourceTree = "<group>"; };
		DE89DF322AC966CE0076EE57 /* GridBookItem.swift */ = {isa = PBXFileReference; lastKnownFileType = sourcecode.swift; path = GridBookItem.swift; sourceTree = "<group>"; };
		DE89DF352AC969920076EE57 /* GridBook.swift */ = {isa = PBXFileReference; lastKnownFileType = sourcecode.swift; path = GridBook.swift; sourceTree = "<group>"; };
		DE89DF372AC9708B0076EE57 /* BookViewModel.swift */ = {isa = PBXFileReference; lastKnownFileType = sourcecode.swift; path = BookViewModel.swift; sourceTree = "<group>"; };
		DE89DF3A2AC97CD30076EE57 /* Alert.swift */ = {isa = PBXFileReference; lastKnownFileType = sourcecode.swift; path = Alert.swift; sourceTree = "<group>"; };
		DE89DF3C2AC97D140076EE57 /* MesageAlertText.swift */ = {isa = PBXFileReference; lastKnownFileType = sourcecode.swift; path = MesageAlertText.swift; sourceTree = "<group>"; };
		DE89DF3E2AC97FFE0076EE57 /* AlertContent.swift */ = {isa = PBXFileReference; lastKnownFileType = sourcecode.swift; path = AlertContent.swift; sourceTree = "<group>"; };
		DE89DF402AC981120076EE57 /* AlertButton.swift */ = {isa = PBXFileReference; lastKnownFileType = sourcecode.swift; path = AlertButton.swift; sourceTree = "<group>"; };
		DE89DF452AC98B390076EE57 /* BookViewModelTests.swift */ = {isa = PBXFileReference; lastKnownFileType = sourcecode.swift; path = BookViewModelTests.swift; sourceTree = "<group>"; };
		DE89DF472AC98F230076EE57 /* OfflineServerMockURLProtocol.swift */ = {isa = PBXFileReference; lastKnownFileType = sourcecode.swift; path = OfflineServerMockURLProtocol.swift; sourceTree = "<group>"; };
		DE89DF4B2AC991F20076EE57 /* DetailOfBook.swift */ = {isa = PBXFileReference; lastKnownFileType = sourcecode.swift; path = DetailOfBook.swift; sourceTree = "<group>"; };
		DE89DF4D2AC9A35A0076EE57 /* BasicInformationOfBook.swift */ = {isa = PBXFileReference; lastKnownFileType = sourcecode.swift; path = BasicInformationOfBook.swift; sourceTree = "<group>"; };
		DE89DF4F2AC9A8880076EE57 /* PublishingInformationOfBook.swift */ = {isa = PBXFileReference; lastKnownFileType = sourcecode.swift; path = PublishingInformationOfBook.swift; sourceTree = "<group>"; };
		DE89DF522AC9A9170076EE57 /* TitlePublishingItemText.swift */ = {isa = PBXFileReference; lastKnownFileType = sourcecode.swift; path = TitlePublishingItemText.swift; sourceTree = "<group>"; };
		DE89DF542AC9A9490076EE57 /* ValuePublishingItemText.swift */ = {isa = PBXFileReference; lastKnownFileType = sourcecode.swift; path = ValuePublishingItemText.swift; sourceTree = "<group>"; };
		DE89DF562AC9A9B70076EE57 /* PublishingItem.swift */ = {isa = PBXFileReference; lastKnownFileType = sourcecode.swift; path = PublishingItem.swift; sourceTree = "<group>"; };
		DE89DF592AC9ABA20076EE57 /* AboutBookText.swift */ = {isa = PBXFileReference; lastKnownFileType = sourcecode.swift; path = AboutBookText.swift; sourceTree = "<group>"; };
		DE89DF5B2AC9ABB90076EE57 /* AboutItem.swift */ = {isa = PBXFileReference; lastKnownFileType = sourcecode.swift; path = AboutItem.swift; sourceTree = "<group>"; };
		DE89DF5D2AC9C07F0076EE57 /* BackButton.swift */ = {isa = PBXFileReference; lastKnownFileType = sourcecode.swift; path = BackButton.swift; sourceTree = "<group>"; };
/* End PBXFileReference section */

/* Begin PBXFrameworksBuildPhase section */
		DE25F64D2AC7662B0085D4C6 /* Frameworks */ = {
			isa = PBXFrameworksBuildPhase;
			buildActionMask = 2147483647;
			files = (
				DE0432542AC8061000748682 /* Alamofire in Frameworks */,
			);
			runOnlyForDeploymentPostprocessing = 0;
		};
		DE25F65D2AC7662F0085D4C6 /* Frameworks */ = {
			isa = PBXFrameworksBuildPhase;
			buildActionMask = 2147483647;
			files = (
			);
			runOnlyForDeploymentPostprocessing = 0;
		};
		DE25F6672AC7662F0085D4C6 /* Frameworks */ = {
			isa = PBXFrameworksBuildPhase;
			buildActionMask = 2147483647;
			files = (
			);
			runOnlyForDeploymentPostprocessing = 0;
		};
/* End PBXFrameworksBuildPhase section */

/* Begin PBXGroup section */
		DE04324C2AC7FB1200748682 /* Presentation */ = {
			isa = PBXGroup;
			children = (
				DE89DF132AC9474E0076EE57 /* FavoriteBooksScene */,
			);
			path = Presentation;
			sourceTree = "<group>";
		};
		DE04324D2AC7FB3700748682 /* Domain */ = {
			isa = PBXGroup;
			children = (
				DE0432502AC7FB5000748682 /* Entities */,
				DE04324F2AC7FB4700748682 /* UseCases */,
				DE04324E2AC7FB3E00748682 /* Repositories */,
			);
			path = Domain;
			sourceTree = "<group>";
		};
		DE04324E2AC7FB3E00748682 /* Repositories */ = {
			isa = PBXGroup;
			children = (
				DE0432652AC82D1200748682 /* BookRepository.swift */,
			);
			path = Repositories;
			sourceTree = "<group>";
		};
		DE04324F2AC7FB4700748682 /* UseCases */ = {
			isa = PBXGroup;
			children = (
				DE0432672AC82D2200748682 /* Book */,
			);
			path = UseCases;
			sourceTree = "<group>";
		};
		DE0432502AC7FB5000748682 /* Entities */ = {
			isa = PBXGroup;
			children = (
				DE0432732AC82F8F00748682 /* Book.swift */,
				DE0432752AC830A500748682 /* ImageURL.swift */,
				DE0432772AC830D500748682 /* Person.swift */,
			);
			path = Entities;
			sourceTree = "<group>";
		};
		DE0432512AC7FB6400748682 /* Data */ = {
			isa = PBXGroup;
			children = (
				DE04326C2AC82D4400748682 /* Book */,
				DE0432552AC8073C00748682 /* Remote */,
			);
			path = Data;
			sourceTree = "<group>";
		};
		DE0432552AC8073C00748682 /* Remote */ = {
			isa = PBXGroup;
			children = (
				DE0432562AC8077000748682 /* Http */,
			);
			path = Remote;
			sourceTree = "<group>";
		};
		DE0432562AC8077000748682 /* Http */ = {
			isa = PBXGroup;
			children = (
				DE0432582AC8079600748682 /* Api.swift */,
				DE04325A2AC807AE00748682 /* ApiImpl.swift */,
				DE04325D2AC807C800748682 /* ApiRouter.swift */,
				DE89DF472AC98F230076EE57 /* OfflineServerMockURLProtocol.swift */,
				DE0432992AC85D7800748682 /* MockURLProtocol.swift */,
				DE04329B2AC85FE500748682 /* ApiMockResponse.swift */,
			);
			path = Http;
			sourceTree = "<group>";
		};
		DE04325F2AC8108800748682 /* Data */ = {
			isa = PBXGroup;
			children = (
				DE89DF0A2AC9354B0076EE57 /* Book */,
				DE0432602AC8108B00748682 /* Remote */,
			);
			path = Data;
			sourceTree = "<group>";
		};
		DE0432602AC8108B00748682 /* Remote */ = {
			isa = PBXGroup;
			children = (
				DE0432612AC8108D00748682 /* Http */,
			);
			path = Remote;
			sourceTree = "<group>";
		};
		DE0432612AC8108D00748682 /* Http */ = {
			isa = PBXGroup;
			children = (
				DE0432632AC810AE00748682 /* ApiRouterTests.swift */,
				DE0432972AC83F8B00748682 /* ApiTests.swift */,
				DE04329D2AC8607400748682 /* ApiMockResponseTests.swift */,
			);
			path = Http;
			sourceTree = "<group>";
		};
		DE0432672AC82D2200748682 /* Book */ = {
			isa = PBXGroup;
			children = (
				DE0432682AC82D2C00748682 /* BookUseCase.swift */,
				DE04326A2AC82D3700748682 /* BookUseCaseImpl.swift */,
			);
			path = Book;
			sourceTree = "<group>";
		};
		DE04326C2AC82D4400748682 /* Book */ = {
			isa = PBXGroup;
			children = (
				DE04326D2AC82D5100748682 /* BookRepositoryImpl.swift */,
				DE0432792AC8326F00748682 /* BookDto.swift */,
				DE04327B2AC8327800748682 /* ImageDto.swift */,
				DE04327D2AC8327F00748682 /* PersonDto.swift */,
			);
			path = Book;
			sourceTree = "<group>";
		};
		DE0432702AC82F5D00748682 /* Mapper */ = {
			isa = PBXGroup;
			children = (
				DE0432802AC8331000748682 /* BookMapper.swift */,
				DE0432822AC8331700748682 /* ImageMapper.swift */,
				DE0432842AC8331D00748682 /* PersonMapper.swift */,
				DE0432712AC82F6400748682 /* Mapper.swift */,
			);
			path = Mapper;
			sourceTree = "<group>";
		};
		DE0432872AC836A700748682 /* Mapper */ = {
			isa = PBXGroup;
			children = (
				DE0432882AC836F200748682 /* ImageMapperTests.swift */,
				DE04328A2AC8389300748682 /* PersonMapperTests.swift */,
				DE04328C2AC839E500748682 /* BookMapperTests.swift */,
			);
			path = Mapper;
			sourceTree = "<group>";
		};
		DE04328E2AC83BFF00748682 /* Domain */ = {
			isa = PBXGroup;
			children = (
				DE89DF0D2AC9423B0076EE57 /* UseCases */,
				DE04328F2AC83C0400748682 /* Entities */,
			);
			path = Domain;
			sourceTree = "<group>";
		};
		DE04328F2AC83C0400748682 /* Entities */ = {
			isa = PBXGroup;
			children = (
				DE0432912AC83C1800748682 /* BookTests.swift */,
				DE0432932AC83C8D00748682 /* PersonTests.swift */,
				DE0432952AC83CCB00748682 /* ImageURLTests.swift */,
			);
			path = Entities;
			sourceTree = "<group>";
		};
		DE25F6472AC7662B0085D4C6 = {
			isa = PBXGroup;
			children = (
				DE25F6522AC7662B0085D4C6 /* Library */,
				DE25F6632AC7662F0085D4C6 /* LibraryTests */,
				DE25F66D2AC7662F0085D4C6 /* LibraryUITests */,
				DE25F6512AC7662B0085D4C6 /* Products */,
			);
			sourceTree = "<group>";
		};
		DE25F6512AC7662B0085D4C6 /* Products */ = {
			isa = PBXGroup;
			children = (
				DE25F6502AC7662B0085D4C6 /* Library.app */,
				DE25F6602AC7662F0085D4C6 /* LibraryTests.xctest */,
				DE25F66A2AC7662F0085D4C6 /* LibraryUITests.xctest */,
			);
			name = Products;
			sourceTree = "<group>";
		};
		DE25F6522AC7662B0085D4C6 /* Library */ = {
			isa = PBXGroup;
			children = (
				DE25F6532AC7662B0085D4C6 /* LibraryApp.swift */,
				DE04324C2AC7FB1200748682 /* Presentation */,
				DE04324D2AC7FB3700748682 /* Domain */,
				DE0432512AC7FB6400748682 /* Data */,
				DE25F6882AC76E860085D4C6 /* Extra */,
				DE25F67F2AC76B7A0085D4C6 /* Resource */,
				DE25F6592AC7662F0085D4C6 /* Preview Content */,
			);
			path = Library;
			sourceTree = "<group>";
		};
		DE25F6592AC7662F0085D4C6 /* Preview Content */ = {
			isa = PBXGroup;
			children = (
				DE25F65A2AC7662F0085D4C6 /* Preview Assets.xcassets */,
			);
			path = "Preview Content";
			sourceTree = "<group>";
		};
		DE25F6632AC7662F0085D4C6 /* LibraryTests */ = {
			isa = PBXGroup;
			children = (
				DE89DF422AC98B0C0076EE57 /* Presentation */,
				DE04328E2AC83BFF00748682 /* Domain */,
				DE04325F2AC8108800748682 /* Data */,
				DE25F6922AC76FDA0085D4C6 /* Extra */,
				DE25F6642AC7662F0085D4C6 /* LibraryTests.swift */,
			);
			path = LibraryTests;
			sourceTree = "<group>";
		};
		DE25F66D2AC7662F0085D4C6 /* LibraryUITests */ = {
			isa = PBXGroup;
			children = (
				DE25F66E2AC7662F0085D4C6 /* LibraryUITests.swift */,
				DE25F6702AC7662F0085D4C6 /* LibraryUITestsLaunchTests.swift */,
			);
			path = LibraryUITests;
			sourceTree = "<group>";
		};
		DE25F67F2AC76B7A0085D4C6 /* Resource */ = {
			isa = PBXGroup;
			children = (
				DE25F6872AC76C3A0085D4C6 /* Info.plist */,
				DE25F67D2AC76AD90085D4C6 /* Color.xcassets */,
				DE25F6572AC7662F0085D4C6 /* Assets.xcassets */,
				DE25F6802AC76B830085D4C6 /* Font */,
			);
			path = Resource;
			sourceTree = "<group>";
		};
		DE25F6802AC76B830085D4C6 /* Font */ = {
			isa = PBXGroup;
			children = (
				DE25F6832AC76C1D0085D4C6 /* Raleway-ExtraBold.ttf */,
				DE25F6822AC76C1D0085D4C6 /* Raleway-Regular.ttf */,
				DE25F6812AC76C1D0085D4C6 /* Raleway-SemiBold.ttf */,
			);
			path = Font;
			sourceTree = "<group>";
		};
		DE25F6882AC76E860085D4C6 /* Extra */ = {
			isa = PBXGroup;
			children = (
				DE89DF252AC94E270076EE57 /* UIComponent */,
				DE25F68E2AC76F440085D4C6 /* Extension */,
				DE25F6892AC76E930085D4C6 /* Infrastructure */,
			);
			path = Extra;
			sourceTree = "<group>";
		};
		DE25F6892AC76E930085D4C6 /* Infrastructure */ = {
			isa = PBXGroup;
			children = (
				DE89DF1A2AC948AF0076EE57 /* Core */,
				DE89DF192AC948A70076EE57 /* UI */,
			);
			path = Infrastructure;
			sourceTree = "<group>";
		};
		DE25F68A2AC76E950085D4C6 /* Font */ = {
			isa = PBXGroup;
			children = (
				DE25F68C2AC76EB70085D4C6 /* Raleway.swift */,
			);
			path = Font;
			sourceTree = "<group>";
		};
		DE25F68E2AC76F440085D4C6 /* Extension */ = {
			isa = PBXGroup;
			children = (
				DE25F68F2AC76F490085D4C6 /* UI */,
			);
			path = Extension;
			sourceTree = "<group>";
		};
		DE25F68F2AC76F490085D4C6 /* UI */ = {
			isa = PBXGroup;
			children = (
				DE25F6902AC76F560085D4C6 /* Color+theme.swift */,
			);
			path = UI;
			sourceTree = "<group>";
		};
		DE25F6922AC76FDA0085D4C6 /* Extra */ = {
			isa = PBXGroup;
			children = (
				DE25F6932AC76FDE0085D4C6 /* Infrastructire */,
			);
			path = Extra;
			sourceTree = "<group>";
		};
		DE25F6932AC76FDE0085D4C6 /* Infrastructire */ = {
			isa = PBXGroup;
			children = (
				DE89DF212AC949350076EE57 /* UI */,
				DE89DF202AC9492F0076EE57 /* Core */,
			);
			path = Infrastructire;
			sourceTree = "<group>";
		};
		DE25F6942AC76FED0085D4C6 /* Font */ = {
			isa = PBXGroup;
			children = (
				DE25F6952AC770000085D4C6 /* RalewayTests.swift */,
			);
			path = Font;
			sourceTree = "<group>";
		};
		DE89DF072AC934FF0076EE57 /* Error */ = {
			isa = PBXGroup;
			children = (
				DE89DF082AC9350C0076EE57 /* GeneralError.swift */,
			);
			path = Error;
			sourceTree = "<group>";
		};
		DE89DF0A2AC9354B0076EE57 /* Book */ = {
			isa = PBXGroup;
			children = (
				DE89DF0B2AC935640076EE57 /* BookRepositoryImplTests.swift */,
			);
			path = Book;
			sourceTree = "<group>";
		};
		DE89DF0D2AC9423B0076EE57 /* UseCases */ = {
			isa = PBXGroup;
			children = (
				DE89DF0E2AC942450076EE57 /* Book */,
			);
			path = UseCases;
			sourceTree = "<group>";
		};
		DE89DF0E2AC942450076EE57 /* Book */ = {
			isa = PBXGroup;
			children = (
				DE89DF112AC942F00076EE57 /* BookUseCaseImplTests.swift */,
			);
			path = Book;
			sourceTree = "<group>";
		};
		DE89DF132AC9474E0076EE57 /* FavoriteBooksScene */ = {
			isa = PBXGroup;
			children = (
				DE89DF152AC9475C0076EE57 /* View */,
				DE89DF142AC947590076EE57 /* ViewModel */,
				DE89DF162AC9475F0076EE57 /* CildsView */,
			);
			path = FavoriteBooksScene;
			sourceTree = "<group>";
		};
		DE89DF142AC947590076EE57 /* ViewModel */ = {
			isa = PBXGroup;
			children = (
				DE89DF372AC9708B0076EE57 /* BookViewModel.swift */,
			);
			path = ViewModel;
			sourceTree = "<group>";
		};
		DE89DF152AC9475C0076EE57 /* View */ = {
			isa = PBXGroup;
			children = (
				DE89DF342AC969670076EE57 /* GridBook */,
				DE89DF172AC947830076EE57 /* FavoriteBooks.swift */,
			);
			path = View;
			sourceTree = "<group>";
		};
		DE89DF162AC9475F0076EE57 /* CildsView */ = {
			isa = PBXGroup;
			children = (
				DE89DF492AC991D50076EE57 /* DetailOfBookScene */,
			);
			path = CildsView;
			sourceTree = "<group>";
		};
		DE89DF192AC948A70076EE57 /* UI */ = {
			isa = PBXGroup;
			children = (
				DE89DF1B2AC948B80076EE57 /* Navigation */,
				DE25F68A2AC76E950085D4C6 /* Font */,
			);
			path = UI;
			sourceTree = "<group>";
		};
		DE89DF1A2AC948AF0076EE57 /* Core */ = {
			isa = PBXGroup;
			children = (
				DE0432702AC82F5D00748682 /* Mapper */,
				DE89DF072AC934FF0076EE57 /* Error */,
			);
			path = Core;
			sourceTree = "<group>";
		};
		DE89DF1B2AC948B80076EE57 /* Navigation */ = {
			isa = PBXGroup;
			children = (
				DE89DF1C2AC948D20076EE57 /* NavigationRouter.swift */,
				DE89DF1E2AC948F60076EE57 /* NavigationManager.swift */,
			);
			path = Navigation;
			sourceTree = "<group>";
		};
		DE89DF202AC9492F0076EE57 /* Core */ = {
			isa = PBXGroup;
			children = (
				DE0432872AC836A700748682 /* Mapper */,
			);
			path = Core;
			sourceTree = "<group>";
		};
		DE89DF212AC949350076EE57 /* UI */ = {
			isa = PBXGroup;
			children = (
				DE89DF222AC949460076EE57 /* Navigation */,
				DE25F6942AC76FED0085D4C6 /* Font */,
			);
			path = UI;
			sourceTree = "<group>";
		};
		DE89DF222AC949460076EE57 /* Navigation */ = {
			isa = PBXGroup;
			children = (
				DE89DF232AC949570076EE57 /* NavigationManagerTests.swift */,
			);
			path = Navigation;
			sourceTree = "<group>";
		};
		DE89DF252AC94E270076EE57 /* UIComponent */ = {
			isa = PBXGroup;
			children = (
				DE89DF392AC97CC00076EE57 /* AlertView */,
				DE89DF262AC94E400076EE57 /* TitleText.swift */,
				DE89DF282AC959850076EE57 /* ViewAlignment.swift */,
				DE89DF2A2AC95BF80076EE57 /* BookImage.swift */,
				DE89DF2C2AC9637D0076EE57 /* NameOfAuthorText.swift */,
				DE89DF5D2AC9C07F0076EE57 /* BackButton.swift */,
			);
			path = UIComponent;
			sourceTree = "<group>";
		};
		DE89DF342AC969670076EE57 /* GridBook */ = {
			isa = PBXGroup;
			children = (
				DE89DF2E2AC964D80076EE57 /* NameOfBookText.swift */,
				DE89DF322AC966CE0076EE57 /* GridBookItem.swift */,
				DE89DF352AC969920076EE57 /* GridBook.swift */,
			);
			path = GridBook;
			sourceTree = "<group>";
		};
		DE89DF392AC97CC00076EE57 /* AlertView */ = {
			isa = PBXGroup;
			children = (
				DE89DF3A2AC97CD30076EE57 /* Alert.swift */,
				DE89DF3C2AC97D140076EE57 /* MesageAlertText.swift */,
				DE89DF3E2AC97FFE0076EE57 /* AlertContent.swift */,
				DE89DF402AC981120076EE57 /* AlertButton.swift */,
			);
			path = AlertView;
			sourceTree = "<group>";
		};
		DE89DF422AC98B0C0076EE57 /* Presentation */ = {
			isa = PBXGroup;
			children = (
				DE89DF432AC98B0F0076EE57 /* FavoriteBooksScene */,
			);
			path = Presentation;
			sourceTree = "<group>";
		};
		DE89DF432AC98B0F0076EE57 /* FavoriteBooksScene */ = {
			isa = PBXGroup;
			children = (
				DE89DF442AC98B260076EE57 /* ViewModel */,
			);
			path = FavoriteBooksScene;
			sourceTree = "<group>";
		};
		DE89DF442AC98B260076EE57 /* ViewModel */ = {
			isa = PBXGroup;
			children = (
				DE89DF452AC98B390076EE57 /* BookViewModelTests.swift */,
			);
			path = ViewModel;
			sourceTree = "<group>";
		};
		DE89DF492AC991D50076EE57 /* DetailOfBookScene */ = {
			isa = PBXGroup;
			children = (
				DE89DF4A2AC991DD0076EE57 /* View */,
			);
			path = DetailOfBookScene;
			sourceTree = "<group>";
		};
		DE89DF4A2AC991DD0076EE57 /* View */ = {
			isa = PBXGroup;
			children = (
				DE89DF582AC9AB430076EE57 /* AboutOfBook */,
				DE89DF512AC9A88C0076EE57 /* PublishingInformation */,
				DE89DF4D2AC9A35A0076EE57 /* BasicInformationOfBook.swift */,
				DE89DF4B2AC991F20076EE57 /* DetailOfBook.swift */,
			);
			path = View;
			sourceTree = "<group>";
		};
		DE89DF512AC9A88C0076EE57 /* PublishingInformation */ = {
			isa = PBXGroup;
			children = (
				DE89DF4F2AC9A8880076EE57 /* PublishingInformationOfBook.swift */,
				DE89DF522AC9A9170076EE57 /* TitlePublishingItemText.swift */,
				DE89DF542AC9A9490076EE57 /* ValuePublishingItemText.swift */,
				DE89DF562AC9A9B70076EE57 /* PublishingItem.swift */,
			);
			path = PublishingInformation;
			sourceTree = "<group>";
		};
		DE89DF582AC9AB430076EE57 /* AboutOfBook */ = {
			isa = PBXGroup;
			children = (
				DE89DF592AC9ABA20076EE57 /* AboutBookText.swift */,
				DE89DF5B2AC9ABB90076EE57 /* AboutItem.swift */,
			);
			path = AboutOfBook;
			sourceTree = "<group>";
		};
/* End PBXGroup section */

/* Begin PBXNativeTarget section */
		DE25F64F2AC7662B0085D4C6 /* Library */ = {
			isa = PBXNativeTarget;
			buildConfigurationList = DE25F6742AC7662F0085D4C6 /* Build configuration list for PBXNativeTarget "Library" */;
			buildPhases = (
				DE25F64C2AC7662B0085D4C6 /* Sources */,
				DE25F64D2AC7662B0085D4C6 /* Frameworks */,
				DE25F64E2AC7662B0085D4C6 /* Resources */,
			);
			buildRules = (
			);
			dependencies = (
			);
			name = Library;
			packageProductDependencies = (
				DE0432532AC8061000748682 /* Alamofire */,
			);
			productName = Library;
			productReference = DE25F6502AC7662B0085D4C6 /* Library.app */;
			productType = "com.apple.product-type.application";
		};
		DE25F65F2AC7662F0085D4C6 /* LibraryTests */ = {
			isa = PBXNativeTarget;
			buildConfigurationList = DE25F6772AC7662F0085D4C6 /* Build configuration list for PBXNativeTarget "LibraryTests" */;
			buildPhases = (
				DE25F65C2AC7662F0085D4C6 /* Sources */,
				DE25F65D2AC7662F0085D4C6 /* Frameworks */,
				DE25F65E2AC7662F0085D4C6 /* Resources */,
			);
			buildRules = (
			);
			dependencies = (
				DE25F6622AC7662F0085D4C6 /* PBXTargetDependency */,
			);
			name = LibraryTests;
			productName = LibraryTests;
			productReference = DE25F6602AC7662F0085D4C6 /* LibraryTests.xctest */;
			productType = "com.apple.product-type.bundle.unit-test";
		};
		DE25F6692AC7662F0085D4C6 /* LibraryUITests */ = {
			isa = PBXNativeTarget;
			buildConfigurationList = DE25F67A2AC7662F0085D4C6 /* Build configuration list for PBXNativeTarget "LibraryUITests" */;
			buildPhases = (
				DE25F6662AC7662F0085D4C6 /* Sources */,
				DE25F6672AC7662F0085D4C6 /* Frameworks */,
				DE25F6682AC7662F0085D4C6 /* Resources */,
			);
			buildRules = (
			);
			dependencies = (
				DE25F66C2AC7662F0085D4C6 /* PBXTargetDependency */,
			);
			name = LibraryUITests;
			productName = LibraryUITests;
			productReference = DE25F66A2AC7662F0085D4C6 /* LibraryUITests.xctest */;
			productType = "com.apple.product-type.bundle.ui-testing";
		};
/* End PBXNativeTarget section */

/* Begin PBXProject section */
		DE25F6482AC7662B0085D4C6 /* Project object */ = {
			isa = PBXProject;
			attributes = {
				BuildIndependentTargetsInParallel = 1;
				LastSwiftUpdateCheck = 1420;
				LastUpgradeCheck = 1420;
				TargetAttributes = {
					DE25F64F2AC7662B0085D4C6 = {
						CreatedOnToolsVersion = 14.2;
					};
					DE25F65F2AC7662F0085D4C6 = {
						CreatedOnToolsVersion = 14.2;
						TestTargetID = DE25F64F2AC7662B0085D4C6;
					};
					DE25F6692AC7662F0085D4C6 = {
						CreatedOnToolsVersion = 14.2;
						TestTargetID = DE25F64F2AC7662B0085D4C6;
					};
				};
			};
			buildConfigurationList = DE25F64B2AC7662B0085D4C6 /* Build configuration list for PBXProject "Library" */;
			compatibilityVersion = "Xcode 14.0";
			developmentRegion = en;
			hasScannedForEncodings = 0;
			knownRegions = (
				en,
				Base,
			);
			mainGroup = DE25F6472AC7662B0085D4C6;
			packageReferences = (
				DE0432522AC8061000748682 /* XCRemoteSwiftPackageReference "Alamofire" */,
			);
			productRefGroup = DE25F6512AC7662B0085D4C6 /* Products */;
			projectDirPath = "";
			projectRoot = "";
			targets = (
				DE25F64F2AC7662B0085D4C6 /* Library */,
				DE25F65F2AC7662F0085D4C6 /* LibraryTests */,
				DE25F6692AC7662F0085D4C6 /* LibraryUITests */,
			);
		};
/* End PBXProject section */

/* Begin PBXResourcesBuildPhase section */
		DE25F64E2AC7662B0085D4C6 /* Resources */ = {
			isa = PBXResourcesBuildPhase;
			buildActionMask = 2147483647;
			files = (
				DE25F6862AC76C1D0085D4C6 /* Raleway-ExtraBold.ttf in Resources */,
				DE25F65B2AC7662F0085D4C6 /* Preview Assets.xcassets in Resources */,
				DE25F6852AC76C1D0085D4C6 /* Raleway-Regular.ttf in Resources */,
				DE25F6842AC76C1D0085D4C6 /* Raleway-SemiBold.ttf in Resources */,
				DE25F6582AC7662F0085D4C6 /* Assets.xcassets in Resources */,
				DE25F67E2AC76AD90085D4C6 /* Color.xcassets in Resources */,
			);
			runOnlyForDeploymentPostprocessing = 0;
		};
		DE25F65E2AC7662F0085D4C6 /* Resources */ = {
			isa = PBXResourcesBuildPhase;
			buildActionMask = 2147483647;
			files = (
			);
			runOnlyForDeploymentPostprocessing = 0;
		};
		DE25F6682AC7662F0085D4C6 /* Resources */ = {
			isa = PBXResourcesBuildPhase;
			buildActionMask = 2147483647;
			files = (
			);
			runOnlyForDeploymentPostprocessing = 0;
		};
/* End PBXResourcesBuildPhase section */

/* Begin PBXSourcesBuildPhase section */
		DE25F64C2AC7662B0085D4C6 /* Sources */ = {
			isa = PBXSourcesBuildPhase;
			buildActionMask = 2147483647;
			files = (
				DE89DF572AC9A9B70076EE57 /* PublishingItem.swift in Sources */,
				DE89DF4C2AC991F20076EE57 /* DetailOfBook.swift in Sources */,
				DE04329A2AC85D7800748682 /* MockURLProtocol.swift in Sources */,
				DE89DF552AC9A9490076EE57 /* ValuePublishingItemText.swift in Sources */,
				DE0432832AC8331700748682 /* ImageMapper.swift in Sources */,
				DE0432782AC830D500748682 /* Person.swift in Sources */,
				DE89DF1D2AC948D20076EE57 /* NavigationRouter.swift in Sources */,
				DE04326B2AC82D3700748682 /* BookUseCaseImpl.swift in Sources */,
				DE89DF5E2AC9C07F0076EE57 /* BackButton.swift in Sources */,
				DE04326E2AC82D5100748682 /* BookRepositoryImpl.swift in Sources */,
				DE89DF482AC98F230076EE57 /* OfflineServerMockURLProtocol.swift in Sources */,
				DE89DF2F2AC964D80076EE57 /* NameOfBookText.swift in Sources */,
				DE25F6912AC76F560085D4C6 /* Color+theme.swift in Sources */,
				DE0432722AC82F6400748682 /* Mapper.swift in Sources */,
				DE0432662AC82D1200748682 /* BookRepository.swift in Sources */,
				DE89DF2D2AC9637D0076EE57 /* NameOfAuthorText.swift in Sources */,
				DE89DF3D2AC97D140076EE57 /* MesageAlertText.swift in Sources */,
				DE25F68D2AC76EB70085D4C6 /* Raleway.swift in Sources */,
				DE04327E2AC8327F00748682 /* PersonDto.swift in Sources */,
				DE89DF332AC966CE0076EE57 /* GridBookItem.swift in Sources */,
				DE89DF1F2AC948F60076EE57 /* NavigationManager.swift in Sources */,
				DE0432762AC830A500748682 /* ImageURL.swift in Sources */,
				DE04327C2AC8327800748682 /* ImageDto.swift in Sources */,
				DE89DF2B2AC95BF80076EE57 /* BookImage.swift in Sources */,
				DE89DF292AC959850076EE57 /* ViewAlignment.swift in Sources */,
				DE89DF362AC969920076EE57 /* GridBook.swift in Sources */,
				DE89DF182AC947830076EE57 /* FavoriteBooks.swift in Sources */,
				DE89DF5C2AC9ABB90076EE57 /* AboutItem.swift in Sources */,
				DE89DF3F2AC97FFE0076EE57 /* AlertContent.swift in Sources */,
				DE89DF5A2AC9ABA20076EE57 /* AboutBookText.swift in Sources */,
				DE89DF502AC9A8880076EE57 /* PublishingInformationOfBook.swift in Sources */,
				DE0432592AC8079600748682 /* Api.swift in Sources */,
				DE89DF092AC9350C0076EE57 /* GeneralError.swift in Sources */,
				DE04327A2AC8326F00748682 /* BookDto.swift in Sources */,
				DE04325B2AC807AE00748682 /* ApiImpl.swift in Sources */,
				DE89DF412AC981130076EE57 /* AlertButton.swift in Sources */,
				DE89DF532AC9A9170076EE57 /* TitlePublishingItemText.swift in Sources */,
				DE89DF272AC94E400076EE57 /* TitleText.swift in Sources */,
				DE0432852AC8331D00748682 /* PersonMapper.swift in Sources */,
				DE89DF382AC9708B0076EE57 /* BookViewModel.swift in Sources */,
				DE25F6542AC7662B0085D4C6 /* LibraryApp.swift in Sources */,
				DE04325E2AC807C800748682 /* ApiRouter.swift in Sources */,
				DE89DF3B2AC97CD30076EE57 /* Alert.swift in Sources */,
				DE89DF4E2AC9A35A0076EE57 /* BasicInformationOfBook.swift in Sources */,
				DE0432742AC82F8F00748682 /* Book.swift in Sources */,
				DE0432692AC82D2C00748682 /* BookUseCase.swift in Sources */,
				DE0432812AC8331000748682 /* BookMapper.swift in Sources */,
				DE04329C2AC85FE500748682 /* ApiMockResponse.swift in Sources */,
			);
			runOnlyForDeploymentPostprocessing = 0;
		};
		DE25F65C2AC7662F0085D4C6 /* Sources */ = {
			isa = PBXSourcesBuildPhase;
			buildActionMask = 2147483647;
			files = (
				DE0432892AC836F200748682 /* ImageMapperTests.swift in Sources */,
				DE89DF122AC942F00076EE57 /* BookUseCaseImplTests.swift in Sources */,
				DE0432962AC83CCB00748682 /* ImageURLTests.swift in Sources */,
				DE0432922AC83C1800748682 /* BookTests.swift in Sources */,
				DE0432642AC810AE00748682 /* ApiRouterTests.swift in Sources */,
				DE25F6652AC7662F0085D4C6 /* LibraryTests.swift in Sources */,
				DE04329E2AC8607400748682 /* ApiMockResponseTests.swift in Sources */,
				DE04328D2AC839E500748682 /* BookMapperTests.swift in Sources */,
				DE04328B2AC8389300748682 /* PersonMapperTests.swift in Sources */,
				DE89DF0C2AC935640076EE57 /* BookRepositoryImplTests.swift in Sources */,
				DE0432942AC83C8D00748682 /* PersonTests.swift in Sources */,
				DE0432982AC83F8B00748682 /* ApiTests.swift in Sources */,
				DE89DF462AC98B390076EE57 /* BookViewModelTests.swift in Sources */,
				DE25F6962AC770000085D4C6 /* RalewayTests.swift in Sources */,
				DE89DF242AC949570076EE57 /* NavigationManagerTests.swift in Sources */,
			);
			runOnlyForDeploymentPostprocessing = 0;
		};
		DE25F6662AC7662F0085D4C6 /* Sources */ = {
			isa = PBXSourcesBuildPhase;
			buildActionMask = 2147483647;
			files = (
				DE25F6712AC7662F0085D4C6 /* LibraryUITestsLaunchTests.swift in Sources */,
				DE25F66F2AC7662F0085D4C6 /* LibraryUITests.swift in Sources */,
			);
			runOnlyForDeploymentPostprocessing = 0;
		};
/* End PBXSourcesBuildPhase section */

/* Begin PBXTargetDependency section */
		DE25F6622AC7662F0085D4C6 /* PBXTargetDependency */ = {
			isa = PBXTargetDependency;
			target = DE25F64F2AC7662B0085D4C6 /* Library */;
			targetProxy = DE25F6612AC7662F0085D4C6 /* PBXContainerItemProxy */;
		};
		DE25F66C2AC7662F0085D4C6 /* PBXTargetDependency */ = {
			isa = PBXTargetDependency;
			target = DE25F64F2AC7662B0085D4C6 /* Library */;
			targetProxy = DE25F66B2AC7662F0085D4C6 /* PBXContainerItemProxy */;
		};
/* End PBXTargetDependency section */

/* Begin XCBuildConfiguration section */
		DE25F6722AC7662F0085D4C6 /* Debug */ = {
			isa = XCBuildConfiguration;
			buildSettings = {
				ALWAYS_SEARCH_USER_PATHS = NO;
				CLANG_ANALYZER_NONNULL = YES;
				CLANG_ANALYZER_NUMBER_OBJECT_CONVERSION = YES_AGGRESSIVE;
				CLANG_CXX_LANGUAGE_STANDARD = "gnu++20";
				CLANG_ENABLE_MODULES = YES;
				CLANG_ENABLE_OBJC_ARC = YES;
				CLANG_ENABLE_OBJC_WEAK = YES;
				CLANG_WARN_BLOCK_CAPTURE_AUTORELEASING = YES;
				CLANG_WARN_BOOL_CONVERSION = YES;
				CLANG_WARN_COMMA = YES;
				CLANG_WARN_CONSTANT_CONVERSION = YES;
				CLANG_WARN_DEPRECATED_OBJC_IMPLEMENTATIONS = YES;
				CLANG_WARN_DIRECT_OBJC_ISA_USAGE = YES_ERROR;
				CLANG_WARN_DOCUMENTATION_COMMENTS = YES;
				CLANG_WARN_EMPTY_BODY = YES;
				CLANG_WARN_ENUM_CONVERSION = YES;
				CLANG_WARN_INFINITE_RECURSION = YES;
				CLANG_WARN_INT_CONVERSION = YES;
				CLANG_WARN_NON_LITERAL_NULL_CONVERSION = YES;
				CLANG_WARN_OBJC_IMPLICIT_RETAIN_SELF = YES;
				CLANG_WARN_OBJC_LITERAL_CONVERSION = YES;
				CLANG_WARN_OBJC_ROOT_CLASS = YES_ERROR;
				CLANG_WARN_QUOTED_INCLUDE_IN_FRAMEWORK_HEADER = YES;
				CLANG_WARN_RANGE_LOOP_ANALYSIS = YES;
				CLANG_WARN_STRICT_PROTOTYPES = YES;
				CLANG_WARN_SUSPICIOUS_MOVE = YES;
				CLANG_WARN_UNGUARDED_AVAILABILITY = YES_AGGRESSIVE;
				CLANG_WARN_UNREACHABLE_CODE = YES;
				CLANG_WARN__DUPLICATE_METHOD_MATCH = YES;
				COPY_PHASE_STRIP = NO;
				DEBUG_INFORMATION_FORMAT = dwarf;
				ENABLE_STRICT_OBJC_MSGSEND = YES;
				ENABLE_TESTABILITY = YES;
				GCC_C_LANGUAGE_STANDARD = gnu11;
				GCC_DYNAMIC_NO_PIC = NO;
				GCC_NO_COMMON_BLOCKS = YES;
				GCC_OPTIMIZATION_LEVEL = 0;
				GCC_PREPROCESSOR_DEFINITIONS = (
					"DEBUG=1",
					"$(inherited)",
				);
				GCC_WARN_64_TO_32_BIT_CONVERSION = YES;
				GCC_WARN_ABOUT_RETURN_TYPE = YES_ERROR;
				GCC_WARN_UNDECLARED_SELECTOR = YES;
				GCC_WARN_UNINITIALIZED_AUTOS = YES_AGGRESSIVE;
				GCC_WARN_UNUSED_FUNCTION = YES;
				GCC_WARN_UNUSED_VARIABLE = YES;
				IPHONEOS_DEPLOYMENT_TARGET = 16.2;
				MTL_ENABLE_DEBUG_INFO = INCLUDE_SOURCE;
				MTL_FAST_MATH = YES;
				ONLY_ACTIVE_ARCH = YES;
				SDKROOT = iphoneos;
				SWIFT_ACTIVE_COMPILATION_CONDITIONS = DEBUG;
				SWIFT_OPTIMIZATION_LEVEL = "-Onone";
			};
			name = Debug;
		};
		DE25F6732AC7662F0085D4C6 /* Release */ = {
			isa = XCBuildConfiguration;
			buildSettings = {
				ALWAYS_SEARCH_USER_PATHS = NO;
				CLANG_ANALYZER_NONNULL = YES;
				CLANG_ANALYZER_NUMBER_OBJECT_CONVERSION = YES_AGGRESSIVE;
				CLANG_CXX_LANGUAGE_STANDARD = "gnu++20";
				CLANG_ENABLE_MODULES = YES;
				CLANG_ENABLE_OBJC_ARC = YES;
				CLANG_ENABLE_OBJC_WEAK = YES;
				CLANG_WARN_BLOCK_CAPTURE_AUTORELEASING = YES;
				CLANG_WARN_BOOL_CONVERSION = YES;
				CLANG_WARN_COMMA = YES;
				CLANG_WARN_CONSTANT_CONVERSION = YES;
				CLANG_WARN_DEPRECATED_OBJC_IMPLEMENTATIONS = YES;
				CLANG_WARN_DIRECT_OBJC_ISA_USAGE = YES_ERROR;
				CLANG_WARN_DOCUMENTATION_COMMENTS = YES;
				CLANG_WARN_EMPTY_BODY = YES;
				CLANG_WARN_ENUM_CONVERSION = YES;
				CLANG_WARN_INFINITE_RECURSION = YES;
				CLANG_WARN_INT_CONVERSION = YES;
				CLANG_WARN_NON_LITERAL_NULL_CONVERSION = YES;
				CLANG_WARN_OBJC_IMPLICIT_RETAIN_SELF = YES;
				CLANG_WARN_OBJC_LITERAL_CONVERSION = YES;
				CLANG_WARN_OBJC_ROOT_CLASS = YES_ERROR;
				CLANG_WARN_QUOTED_INCLUDE_IN_FRAMEWORK_HEADER = YES;
				CLANG_WARN_RANGE_LOOP_ANALYSIS = YES;
				CLANG_WARN_STRICT_PROTOTYPES = YES;
				CLANG_WARN_SUSPICIOUS_MOVE = YES;
				CLANG_WARN_UNGUARDED_AVAILABILITY = YES_AGGRESSIVE;
				CLANG_WARN_UNREACHABLE_CODE = YES;
				CLANG_WARN__DUPLICATE_METHOD_MATCH = YES;
				COPY_PHASE_STRIP = NO;
				DEBUG_INFORMATION_FORMAT = "dwarf-with-dsym";
				ENABLE_NS_ASSERTIONS = NO;
				ENABLE_STRICT_OBJC_MSGSEND = YES;
				GCC_C_LANGUAGE_STANDARD = gnu11;
				GCC_NO_COMMON_BLOCKS = YES;
				GCC_WARN_64_TO_32_BIT_CONVERSION = YES;
				GCC_WARN_ABOUT_RETURN_TYPE = YES_ERROR;
				GCC_WARN_UNDECLARED_SELECTOR = YES;
				GCC_WARN_UNINITIALIZED_AUTOS = YES_AGGRESSIVE;
				GCC_WARN_UNUSED_FUNCTION = YES;
				GCC_WARN_UNUSED_VARIABLE = YES;
				IPHONEOS_DEPLOYMENT_TARGET = 16.2;
				MTL_ENABLE_DEBUG_INFO = NO;
				MTL_FAST_MATH = YES;
				SDKROOT = iphoneos;
				SWIFT_COMPILATION_MODE = wholemodule;
				SWIFT_OPTIMIZATION_LEVEL = "-O";
				VALIDATE_PRODUCT = YES;
			};
			name = Release;
		};
		DE25F6752AC7662F0085D4C6 /* Debug */ = {
			isa = XCBuildConfiguration;
			buildSettings = {
				ASSETCATALOG_COMPILER_APPICON_NAME = AppIcon;
				ASSETCATALOG_COMPILER_GLOBAL_ACCENT_COLOR_NAME = AccentColor;
				CODE_SIGN_STYLE = Automatic;
				CURRENT_PROJECT_VERSION = 1;
				DEVELOPMENT_ASSET_PATHS = "\"Library/Preview Content\"";
				DEVELOPMENT_TEAM = 8PDY8D2V47;
				ENABLE_PREVIEWS = YES;
				GENERATE_INFOPLIST_FILE = YES;
				INFOPLIST_FILE = Library/Resource/Info.plist;
				INFOPLIST_KEY_UIApplicationSceneManifest_Generation = YES;
				INFOPLIST_KEY_UIApplicationSupportsIndirectInputEvents = YES;
				INFOPLIST_KEY_UILaunchScreen_Generation = YES;
				INFOPLIST_KEY_UISupportedInterfaceOrientations_iPad = "UIInterfaceOrientationPortrait UIInterfaceOrientationPortraitUpsideDown UIInterfaceOrientationLandscapeLeft UIInterfaceOrientationLandscapeRight";
				INFOPLIST_KEY_UISupportedInterfaceOrientations_iPhone = "UIInterfaceOrientationPortrait UIInterfaceOrientationLandscapeLeft UIInterfaceOrientationLandscapeRight";
				LD_RUNPATH_SEARCH_PATHS = (
					"$(inherited)",
					"@executable_path/Frameworks",
				);
				MARKETING_VERSION = 1.0;
				PRODUCT_BUNDLE_IDENTIFIER = io.github.helloitshessam.Library;
				PRODUCT_NAME = "$(TARGET_NAME)";
				SWIFT_EMIT_LOC_STRINGS = YES;
				SWIFT_VERSION = 5.0;
				TARGETED_DEVICE_FAMILY = "1,2";
			};
			name = Debug;
		};
		DE25F6762AC7662F0085D4C6 /* Release */ = {
			isa = XCBuildConfiguration;
			buildSettings = {
				ASSETCATALOG_COMPILER_APPICON_NAME = AppIcon;
				ASSETCATALOG_COMPILER_GLOBAL_ACCENT_COLOR_NAME = AccentColor;
				CODE_SIGN_STYLE = Automatic;
				CURRENT_PROJECT_VERSION = 1;
				DEVELOPMENT_ASSET_PATHS = "\"Library/Preview Content\"";
				DEVELOPMENT_TEAM = 8PDY8D2V47;
				ENABLE_PREVIEWS = YES;
				GENERATE_INFOPLIST_FILE = YES;
				INFOPLIST_FILE = Library/Resource/Info.plist;
				INFOPLIST_KEY_UIApplicationSceneManifest_Generation = YES;
				INFOPLIST_KEY_UIApplicationSupportsIndirectInputEvents = YES;
				INFOPLIST_KEY_UILaunchScreen_Generation = YES;
				INFOPLIST_KEY_UISupportedInterfaceOrientations_iPad = "UIInterfaceOrientationPortrait UIInterfaceOrientationPortraitUpsideDown UIInterfaceOrientationLandscapeLeft UIInterfaceOrientationLandscapeRight";
				INFOPLIST_KEY_UISupportedInterfaceOrientations_iPhone = "UIInterfaceOrientationPortrait UIInterfaceOrientationLandscapeLeft UIInterfaceOrientationLandscapeRight";
				LD_RUNPATH_SEARCH_PATHS = (
					"$(inherited)",
					"@executable_path/Frameworks",
				);
				MARKETING_VERSION = 1.0;
				PRODUCT_BUNDLE_IDENTIFIER = io.github.helloitshessam.Library;
				PRODUCT_NAME = "$(TARGET_NAME)";
				SWIFT_EMIT_LOC_STRINGS = YES;
				SWIFT_VERSION = 5.0;
				TARGETED_DEVICE_FAMILY = "1,2";
			};
			name = Release;
		};
		DE25F6782AC7662F0085D4C6 /* Debug */ = {
			isa = XCBuildConfiguration;
			buildSettings = {
				ALWAYS_EMBED_SWIFT_STANDARD_LIBRARIES = YES;
				BUNDLE_LOADER = "$(TEST_HOST)";
				CODE_SIGN_STYLE = Automatic;
				CURRENT_PROJECT_VERSION = 1;
				DEVELOPMENT_TEAM = 8PDY8D2V47;
				GCC_PREPROCESSOR_DEFINITIONS = (
					"DEBUG=1",
					"$(inherited)",
				);
				GENERATE_INFOPLIST_FILE = YES;
				IPHONEOS_DEPLOYMENT_TARGET = 16.2;
				MARKETING_VERSION = 1.0;
				PRODUCT_BUNDLE_IDENTIFIER = io.github.helloitshessam.LibraryTests;
				PRODUCT_NAME = "$(TARGET_NAME)";
				SWIFT_EMIT_LOC_STRINGS = NO;
				SWIFT_VERSION = 5.0;
				TARGETED_DEVICE_FAMILY = "1,2";
				TEST_HOST = "$(BUILT_PRODUCTS_DIR)/Library.app/$(BUNDLE_EXECUTABLE_FOLDER_PATH)/Library";
			};
			name = Debug;
		};
		DE25F6792AC7662F0085D4C6 /* Release */ = {
			isa = XCBuildConfiguration;
			buildSettings = {
				ALWAYS_EMBED_SWIFT_STANDARD_LIBRARIES = YES;
				BUNDLE_LOADER = "$(TEST_HOST)";
				CODE_SIGN_STYLE = Automatic;
				CURRENT_PROJECT_VERSION = 1;
				DEVELOPMENT_TEAM = 8PDY8D2V47;
				GCC_PREPROCESSOR_DEFINITIONS = "";
				GENERATE_INFOPLIST_FILE = YES;
				IPHONEOS_DEPLOYMENT_TARGET = 16.2;
				MARKETING_VERSION = 1.0;
				PRODUCT_BUNDLE_IDENTIFIER = io.github.helloitshessam.LibraryTests;
				PRODUCT_NAME = "$(TARGET_NAME)";
				SWIFT_EMIT_LOC_STRINGS = NO;
				SWIFT_VERSION = 5.0;
				TARGETED_DEVICE_FAMILY = "1,2";
				TEST_HOST = "$(BUILT_PRODUCTS_DIR)/Library.app/$(BUNDLE_EXECUTABLE_FOLDER_PATH)/Library";
			};
			name = Release;
		};
		DE25F67B2AC7662F0085D4C6 /* Debug */ = {
			isa = XCBuildConfiguration;
			buildSettings = {
				ALWAYS_EMBED_SWIFT_STANDARD_LIBRARIES = YES;
				CODE_SIGN_STYLE = Automatic;
				CURRENT_PROJECT_VERSION = 1;
				DEVELOPMENT_TEAM = 8PDY8D2V47;
				GENERATE_INFOPLIST_FILE = YES;
				MARKETING_VERSION = 1.0;
				PRODUCT_BUNDLE_IDENTIFIER = io.github.helloitshessam.LibraryUITests;
				PRODUCT_NAME = "$(TARGET_NAME)";
				SWIFT_EMIT_LOC_STRINGS = NO;
				SWIFT_VERSION = 5.0;
				TARGETED_DEVICE_FAMILY = "1,2";
				TEST_TARGET_NAME = Library;
			};
			name = Debug;
		};
		DE25F67C2AC7662F0085D4C6 /* Release */ = {
			isa = XCBuildConfiguration;
			buildSettings = {
				ALWAYS_EMBED_SWIFT_STANDARD_LIBRARIES = YES;
				CODE_SIGN_STYLE = Automatic;
				CURRENT_PROJECT_VERSION = 1;
				DEVELOPMENT_TEAM = 8PDY8D2V47;
				GENERATE_INFOPLIST_FILE = YES;
				MARKETING_VERSION = 1.0;
				PRODUCT_BUNDLE_IDENTIFIER = io.github.helloitshessam.LibraryUITests;
				PRODUCT_NAME = "$(TARGET_NAME)";
				SWIFT_EMIT_LOC_STRINGS = NO;
				SWIFT_VERSION = 5.0;
				TARGETED_DEVICE_FAMILY = "1,2";
				TEST_TARGET_NAME = Library;
			};
			name = Release;
		};
/* End XCBuildConfiguration section */

/* Begin XCConfigurationList section */
		DE25F64B2AC7662B0085D4C6 /* Build configuration list for PBXProject "Library" */ = {
			isa = XCConfigurationList;
			buildConfigurations = (
				DE25F6722AC7662F0085D4C6 /* Debug */,
				DE25F6732AC7662F0085D4C6 /* Release */,
			);
			defaultConfigurationIsVisible = 0;
			defaultConfigurationName = Release;
		};
		DE25F6742AC7662F0085D4C6 /* Build configuration list for PBXNativeTarget "Library" */ = {
			isa = XCConfigurationList;
			buildConfigurations = (
				DE25F6752AC7662F0085D4C6 /* Debug */,
				DE25F6762AC7662F0085D4C6 /* Release */,
			);
			defaultConfigurationIsVisible = 0;
			defaultConfigurationName = Release;
		};
		DE25F6772AC7662F0085D4C6 /* Build configuration list for PBXNativeTarget "LibraryTests" */ = {
			isa = XCConfigurationList;
			buildConfigurations = (
				DE25F6782AC7662F0085D4C6 /* Debug */,
				DE25F6792AC7662F0085D4C6 /* Release */,
			);
			defaultConfigurationIsVisible = 0;
			defaultConfigurationName = Release;
		};
		DE25F67A2AC7662F0085D4C6 /* Build configuration list for PBXNativeTarget "LibraryUITests" */ = {
			isa = XCConfigurationList;
			buildConfigurations = (
				DE25F67B2AC7662F0085D4C6 /* Debug */,
				DE25F67C2AC7662F0085D4C6 /* Release */,
			);
			defaultConfigurationIsVisible = 0;
			defaultConfigurationName = Release;
		};
/* End XCConfigurationList section */

/* Begin XCRemoteSwiftPackageReference section */
		DE0432522AC8061000748682 /* XCRemoteSwiftPackageReference "Alamofire" */ = {
			isa = XCRemoteSwiftPackageReference;
			repositoryURL = "https://github.com/Alamofire/Alamofire.git";
			requirement = {
				branch = master;
				kind = branch;
			};
		};
/* End XCRemoteSwiftPackageReference section */

/* Begin XCSwiftPackageProductDependency section */
		DE0432532AC8061000748682 /* Alamofire */ = {
			isa = XCSwiftPackageProductDependency;
			package = DE0432522AC8061000748682 /* XCRemoteSwiftPackageReference "Alamofire" */;
			productName = Alamofire;
		};
/* End XCSwiftPackageProductDependency section */
	};
	rootObject = DE25F6482AC7662B0085D4C6 /* Project object */;
}
